{
  "name": "functions",
  "requires": true,
  "lockfileVersion": 1,
  "dependencies": {
    "axios": {
      "version": "0.19.2",
      "resolved": "https://registry.npmjs.org/axios/-/axios-0.19.2.tgz",
      "integrity": "sha512-fjgm5MvRHLhx+osE2xoekY70AhARk3a6hkN+3Io1jc00jtquGvxYlKlsFUhmUET0V5te6CcZI7lcv2Ym61mjHA=="
    },
    "cors": {
      "version": "2.8.5",
      "resolved": "https://registry.npmjs.org/cors/-/cors-2.8.5.tgz",
      "integrity": "sha512-KIHbLJqu73RGr/hnbrO9uBeixNGuvSQjul/jdFvS/KFSIH1hWVd1ng7zOHx+YrEfInLG7q4n6GHQ9cDtxv/P6g=="
    },
    "eslint": {
      "version": "7.1.0",
      "resolved": "https://registry.npmjs.org/eslint/-/eslint-7.1.0.tgz",
      "integrity": "sha512-DfS3b8iHMK5z/YLSme8K5cge168I8j8o1uiVmFCgnnjxZQbCGyraF8bMl7Ju4yfBmCuxD7shOF7eqGkcuIHfsA==",
      "dev": true,
      "dependencies": {
        "ansi-regex": {
          "version": "5.0.0",
          "resolved": "https://registry.npmjs.org/ansi-regex/-/ansi-regex-5.0.0.tgz",
          "integrity": "sha512-bY6fj56OUQ0hU1KjFNDQuJFezqKdrAyFdIevADiqrWHwSlbmBNMHp5ak2f40Pm8JTFyM2mqxkG6ngkHO11f/lg=="
        },
        "debug": {
          "version": "4.1.1",
          "resolved": "https://registry.npmjs.org/debug/-/debug-4.1.1.tgz",
          "integrity": "sha512-pYAIzeRo8J6KPEaJ0VWOh5Pzkbw/RetuzehGM7QRRX5he4fPHx2rdKMB256ehJCkX+XRQm16eZLqLNS8RSZXZw=="
        },
        "glob-parent": {
          "version": "5.1.1",
          "resolved": "https://registry.npmjs.org/glob-parent/-/glob-parent-5.1.1.tgz",
          "integrity": "sha512-FnI+VGOpnlGHWZxthPGR+QhR78fuiK0sNLkHQv+bL9fQi57lNNdquIbna/WrfROrolq8GK5Ek6BiMwqL/voRYQ=="
        },
        "is-glob": {
          "version": "4.0.1",
          "resolved": "https://registry.npmjs.org/is-glob/-/is-glob-4.0.1.tgz",
          "integrity": "sha512-5G0tKtBTFImOqDnLB2hG6Bp2qcKEFduo4tZu9MT/H6NQv/ghhy30o55ufafxJ/LdH79LLs2Kfrn85TLKyA7BUg=="
        },
        "ms": {
          "version": "2.1.2",
          "resolved": "https://registry.npmjs.org/ms/-/ms-2.1.2.tgz",
          "integrity": "sha512-sGkPx+VjMtmA6MX27oA4FBFELFCZZ4S4XqeGOXCv68tT+jb3vk/RyaKWP0PTKyWtmLSM0b+adUTEvbs1PEaH2w=="
        },
        "semver": {
          "version": "7.3.2",
          "resolved": "https://registry.npmjs.org/semver/-/semver-7.3.2.tgz",
          "integrity": "sha512-OrOb32TeeambH6UrhtShmF7CRDqhL6/5XpPNp2DuRH6+9QLw/orhp72j87v8Qa1ScDkvrrBNpZcDejAirJmfXQ=="
        },
        "strip-ansi": {
          "version": "6.0.0",
          "resolved": "https://registry.npmjs.org/strip-ansi/-/strip-ansi-6.0.0.tgz",
          "integrity": "sha512-AuvKTrTfQNYNIctbR1K/YGTR1756GycPsg7b9bdV9Duqur4gv6aKqHXah67Z8ImS7WEz5QVcOtlfW2rZEugt6w=="
        }
      }
    },
    "eslint-plugin-promise": {
      "version": "4.2.1",
      "resolved": "https://registry.npmjs.org/eslint-plugin-promise/-/eslint-plugin-promise-4.2.1.tgz",
      "integrity": "sha512-VoM09vT7bfA7D+upt+FjeBO5eHIJQBUWki1aPvB+vbNiHS3+oGIJGIeyBtKQTME6UPXXy3vV07OL1tHd3ANuDw==",
      "dev": true
    },
    "express": {
      "version": "4.17.1",
      "resolved": "https://registry.npmjs.org/express/-/express-4.17.1.tgz",
      "integrity": "sha512-mHJ9O79RqluphRrcw2X/GTh3k9tVv8YcoyY4Kkh4WDMUYKRZUq0h1o0w2rrrxBqM7VoeUVqgb27xlEMXTnYt4g==",
      "dependencies": {
        "debug": {
          "version": "2.6.9",
          "resolved": "https://registry.npmjs.org/debug/-/debug-2.6.9.tgz",
          "integrity": "sha512-bC7ElrdJaJnPbAP+1EotYvqZsb3ecl5wi6Bfi6BJTUcNowp6cvspg0jXznRTKDjm/E7AdgFBVeAPVMNcKGsHMA=="
        },
        "ms": {
          "version": "2.0.0",
          "resolved": "https://registry.npmjs.org/ms/-/ms-2.0.0.tgz",
          "integrity": "sha1-VgiurfwAvmwpAd9fmGF4jeDVl8g="
        }
      }
    },
    "firebase-admin": {
      "version": "8.12.1",
      "resolved": "https://registry.npmjs.org/firebase-admin/-/firebase-admin-8.12.1.tgz",
      "integrity": "sha512-DZ4Q7QQJYaO2BhnhZLrhL+mGRTCLS5WrxjbJtuKGmbKRBepwMhx++EQA5yhnGnIXgDHnp5SrZnVKygNdXtH8BQ=="
    },
    "firebase-functions": {
      "version": "3.6.1",
      "resolved": "https://registry.npmjs.org/firebase-functions/-/firebase-functions-3.6.1.tgz",
      "integrity": "sha512-CBvlDEoFgsdm10PTHs7gRd5xBmhp+eqCqgsyqKbzmdbU3J8RYqtBWoHm2O31gjtZv6MyOWvS3oFITShzBulylQ==",
      "dependencies": {
        "jsonwebtoken": {
          "version": "8.5.1",
          "resolved": "https://registry.npmjs.org/jsonwebtoken/-/jsonwebtoken-8.5.1.tgz",
          "integrity": "sha512-XjwVfRS6jTMsqYs0EsuJ4LGxXV14zQybNd4L2r0UvbVnSF9Af8x7p5MzbJ90Ioz/9TI41/hTCvznF/loiSzn8w=="
        },
        "jwa": {
          "version": "1.4.1",
          "resolved": "https://registry.npmjs.org/jwa/-/jwa-1.4.1.tgz",
          "integrity": "sha512-qiLX/xhEEFKUAJ6FiBMbes3w9ATzyk5W7Hvzpa/SLYdxNtng+gcurvrI7TbACjIXlsJyr05/S1oUhZrc63evQA=="
        },
        "jws": {
          "version": "3.2.2",
          "resolved": "https://registry.npmjs.org/jws/-/jws-3.2.2.tgz",
          "integrity": "sha512-YHlZCB6lMTllWDtSPHz/ZXTsi8S00usEV6v1tjq8tOUZzw7DpSDWVXjXDre6ed1w/pd495ODpHZYSdkRTsa0HA=="
        },
        "ms": {
          "version": "2.1.2",
          "resolved": "https://registry.npmjs.org/ms/-/ms-2.1.2.tgz",
          "integrity": "sha512-sGkPx+VjMtmA6MX27oA4FBFELFCZZ4S4XqeGOXCv68tT+jb3vk/RyaKWP0PTKyWtmLSM0b+adUTEvbs1PEaH2w=="
        },
        "semver": {
          "version": "5.7.1",
          "resolved": "https://registry.npmjs.org/semver/-/semver-5.7.1.tgz",
          "integrity": "sha512-sauaDf/PZdVgrLTNYHRtpXa1iRiKcaebiKQ1BJdpQlWH2lCvexQdX55snPFyK7QzpudqbCI0qXFfOasHdyNDGQ=="
        }
      }
    },
    "firebase-functions-test": {
      "version": "0.2.1",
      "resolved": "https://registry.npmjs.org/firebase-functions-test/-/firebase-functions-test-0.2.1.tgz",
      "integrity": "sha512-+ZaNrDoRVy0ar4NGtrYbqVTsnitL3/Ud5yC7ElZUkX3956j+AzPCcrsCfa+5GJnpnVODXkMKpw9AySFJ/12nvA==",
      "dev": true
    },
    "jsonresume-theme-ace": {
      "version": "1.1.0",
      "resolved": "https://registry.npmjs.org/jsonresume-theme-ace/-/jsonresume-theme-ace-1.1.0.tgz",
      "integrity": "sha512-X96nByNU1S4ymzcmoFOoQB2aWNPkIYbtkyMngFDGl2fqp8lk/+0kRYqq/V1KtSB5cTrp1hJtrnGhO31spUIX2A=="
    },
    "jsonresume-theme-apage": {
      "version": "1.0.1",
      "resolved": "https://registry.npmjs.org/jsonresume-theme-apage/-/jsonresume-theme-apage-1.0.1.tgz",
      "integrity": "sha512-6Lj51aUuDaAMt259/ksb5HFOH6ZsUazwX2H2ZVCYy8MstwLTsn1KnkzaIX0616AJv1a74kSTee6lJgwyLtlCAA==",
      "dependencies": {
        "handlebars": {
          "version": "2.0.0",
          "resolved": "https://registry.npmjs.org/handlebars/-/handlebars-2.0.0.tgz",
          "integrity": "sha1-bp1/hRSjRn+l6fgswVjs/B1ax28="
        },
        "optimist": {
          "version": "0.3.7",
          "resolved": "https://registry.npmjs.org/optimist/-/optimist-0.3.7.tgz",
          "integrity": "sha1-yQlBrVnkJzMokjB00s8ufLxuwNk="
        },
        "source-map": {
          "version": "0.1.43",
          "resolved": "https://registry.npmjs.org/source-map/-/source-map-0.1.43.tgz",
          "integrity": "sha1-wkvBRspRfBRx9drL4lcbK3+eM0Y="
        },
        "uglify-js": {
          "version": "2.3.6",
          "resolved": "https://registry.npmjs.org/uglify-js/-/uglify-js-2.3.6.tgz",
          "integrity": "sha1-+gmEdwtCi3qbKoBY9GNV0U/vIRo="
        }
      }
    },
    "jsonresume-theme-class": {
      "version": "0.1.2",
      "resolved": "https://registry.npmjs.org/jsonresume-theme-class/-/jsonresume-theme-class-0.1.2.tgz",
      "integrity": "sha1-35KPWTc3jbm/OTdzOOmVOfn+bsI=",
      "dependencies": {
        "async": {
          "version": "0.2.10",
          "resolved": "https://registry.npmjs.org/async/-/async-0.2.10.tgz",
          "integrity": "sha1-trvgsGdLnXGXCMo43owjfLUmw9E="
        },
        "handlebars": {
          "version": "2.0.0",
          "resolved": "https://registry.npmjs.org/handlebars/-/handlebars-2.0.0.tgz",
          "integrity": "sha1-bp1/hRSjRn+l6fgswVjs/B1ax28="
        },
        "optimist": {
          "version": "0.3.7",
          "resolved": "https://registry.npmjs.org/optimist/-/optimist-0.3.7.tgz",
          "integrity": "sha1-yQlBrVnkJzMokjB00s8ufLxuwNk="
        },
        "source-map": {
          "version": "0.1.43",
          "resolved": "https://registry.npmjs.org/source-map/-/source-map-0.1.43.tgz",
          "integrity": "sha1-wkvBRspRfBRx9drL4lcbK3+eM0Y="
        },
        "uglify-js": {
          "version": "2.3.6",
          "resolved": "https://registry.npmjs.org/uglify-js/-/uglify-js-2.3.6.tgz",
          "integrity": "sha1-+gmEdwtCi3qbKoBY9GNV0U/vIRo="
        },
        "wordwrap": {
          "version": "0.0.3",
          "resolved": "https://registry.npmjs.org/wordwrap/-/wordwrap-0.0.3.tgz",
          "integrity": "sha1-o9XabNXAvAAI03I0u68b7WMFkQc="
        }
      }
    },
    "jsonresume-theme-classy": {
      "version": "1.0.9",
      "resolved": "https://registry.npmjs.org/jsonresume-theme-classy/-/jsonresume-theme-classy-1.0.9.tgz",
      "integrity": "sha1-6sb2EFVahewLm+OVvv3Hj/rnc8E=",
      "dependencies": {
        "lodash": {
          "version": "2.4.2",
          "resolved": "https://registry.npmjs.org/lodash/-/lodash-2.4.2.tgz",
          "integrity": "sha1-+t2DS5aDBz2hebPq5tnA0VBT9z4="
        },
        "resume-schema": {
          "version": "0.0.15",
          "resolved": "https://registry.npmjs.org/resume-schema/-/resume-schema-0.0.15.tgz",
          "integrity": "sha1-AajJsplKLwsg4TjKGr+eXyS+Ros="
        },
        "z-schema": {
          "version": "2.4.10",
          "resolved": "https://registry.npmjs.org/z-schema/-/z-schema-2.4.10.tgz",
          "integrity": "sha1-HvH0Qzp6dz7kzVSUvxrzCzGDZus="
        }
      }
    },
    "jsonresume-theme-cora": {
      "version": "0.1.1",
      "resolved": "https://registry.npmjs.org/jsonresume-theme-cora/-/jsonresume-theme-cora-0.1.1.tgz",
      "integrity": "sha512-GC++9+ps/t49na1qErGnuEn2zWaYv9RidHYxfMTfoJixyBNn7kFbJBvtOtlM7jR6BbvGhDZfAeXXv0r1gy9acw==",
      "dependencies": {
        "dateformat": {
          "version": "3.0.3",
          "resolved": "https://registry.npmjs.org/dateformat/-/dateformat-3.0.3.tgz",
          "integrity": "sha512-jyCETtSl3VMZMWeRo7iY1FL19ges1t55hMo5yaam4Jrsm5EPL89UQkoQRyiI+Yf4k8r2ZpdngkV8hr1lIdjb3Q=="
        },
        "resume-schema": {
          "version": "0.0.18",
          "resolved": "https://registry.npmjs.org/resume-schema/-/resume-schema-0.0.18.tgz",
          "integrity": "sha512-CNomhyZSKzrpUqYCFiRRPpfClz78BhgOb+ksGxLy46Yt/xBwnZP/2bLJO60GbAMnI1nxMCtSj+pjBQtILvPs6w=="
        },
        "tar": {
          "version": "2.2.1",
          "resolved": "https://registry.npmjs.org/tar/-/tar-2.2.1.tgz",
          "integrity": "sha1-jk0qJWwOIYXGsYrWlK7JaLg8sdE="
        },
        "tarball-extract": {
          "version": "0.0.6",
          "resolved": "https://registry.npmjs.org/tarball-extract/-/tarball-extract-0.0.6.tgz",
          "integrity": "sha1-FQ5sAR3mdkeRn67CUDVhHGdh/RA="
        }
      }
    },
    "jsonresume-theme-dave": {
      "version": "1.0.1",
      "resolved": "https://registry.npmjs.org/jsonresume-theme-dave/-/jsonresume-theme-dave-1.0.1.tgz",
      "integrity": "sha1-7xWZAmc7155+5ooEDA9hjdHnYzg=",
      "dependencies": {
        "async": {
          "version": "0.2.10",
          "resolved": "https://registry.npmjs.org/async/-/async-0.2.10.tgz",
          "integrity": "sha1-trvgsGdLnXGXCMo43owjfLUmw9E="
        },
        "handlebars": {
          "version": "2.0.0",
          "resolved": "https://registry.npmjs.org/handlebars/-/handlebars-2.0.0.tgz",
          "integrity": "sha1-bp1/hRSjRn+l6fgswVjs/B1ax28="
        },
        "optimist": {
          "version": "0.3.7",
          "resolved": "https://registry.npmjs.org/optimist/-/optimist-0.3.7.tgz",
          "integrity": "sha1-yQlBrVnkJzMokjB00s8ufLxuwNk="
        },
        "source-map": {
          "version": "0.1.43",
          "resolved": "https://registry.npmjs.org/source-map/-/source-map-0.1.43.tgz",
          "integrity": "sha1-wkvBRspRfBRx9drL4lcbK3+eM0Y="
        },
        "uglify-js": {
          "version": "2.3.6",
          "resolved": "https://registry.npmjs.org/uglify-js/-/uglify-js-2.3.6.tgz",
          "integrity": "sha1-+gmEdwtCi3qbKoBY9GNV0U/vIRo="
        },
        "wordwrap": {
          "version": "0.0.3",
          "resolved": "https://registry.npmjs.org/wordwrap/-/wordwrap-0.0.3.tgz",
          "integrity": "sha1-o9XabNXAvAAI03I0u68b7WMFkQc="
        }
      }
    },
    "jsonresume-theme-elegant": {
      "version": "1.13.2",
      "resolved": "https://registry.npmjs.org/jsonresume-theme-elegant/-/jsonresume-theme-elegant-1.13.2.tgz",
      "integrity": "sha512-uobdmVSDMVXECTvpgECmDwAUQz50Pj3peUl13TL+YF0Swq6nchQFvMen5IIwmUE+mxFMarE6xTIOyYszJtnjyw==",
      "dependencies": {
        "resume-schema": {
          "version": "0.0.16",
          "resolved": "https://registry.npmjs.org/resume-schema/-/resume-schema-0.0.16.tgz",
          "integrity": "sha1-Q68zT3l86Uy07JgM4RztHzO7z+s="
        },
        "z-schema": {
          "version": "2.4.10",
          "resolved": "https://registry.npmjs.org/z-schema/-/z-schema-2.4.10.tgz",
          "integrity": "sha1-HvH0Qzp6dz7kzVSUvxrzCzGDZus="
        }
      }
    },
    "jsonresume-theme-elite": {
      "version": "1.2.0",
      "resolved": "https://registry.npmjs.org/jsonresume-theme-elite/-/jsonresume-theme-elite-1.2.0.tgz",
      "integrity": "sha512-2N0ktVL9TDm7XQ7XsDyX0QAhmI01aoGr4vnhnTowozPXZUUeK5e2vgEoZo4fcYUDB8TUvICsqErV8YEZ1bEGJg=="
    },
    "jsonresume-theme-eloquent": {
      "version": "4.1.0",
      "resolved": "https://registry.npmjs.org/jsonresume-theme-eloquent/-/jsonresume-theme-eloquent-4.1.0.tgz",
      "integrity": "sha512-W05n2hUcBTx8HMATPKDoAkJR/KApg1eZUmA18Oz3PNCJR298/DlfqOKQAXFRi4FVuAG0/WqCggT19Ap2+Z0dkQ=="
    },
    "jsonresume-theme-flat": {
      "version": "0.3.7",
      "resolved": "https://registry.npmjs.org/jsonresume-theme-flat/-/jsonresume-theme-flat-0.3.7.tgz",
      "integrity": "sha1-omTwDWxYUN18S1wV1kIE0hOoVVI=",
      "dependencies": {
        "async": {
          "version": "0.2.10",
          "resolved": "https://registry.npmjs.org/async/-/async-0.2.10.tgz",
          "integrity": "sha1-trvgsGdLnXGXCMo43owjfLUmw9E="
        },
        "handlebars": {
          "version": "2.0.0",
          "resolved": "https://registry.npmjs.org/handlebars/-/handlebars-2.0.0.tgz",
          "integrity": "sha1-bp1/hRSjRn+l6fgswVjs/B1ax28="
        },
        "optimist": {
          "version": "0.3.7",
          "resolved": "https://registry.npmjs.org/optimist/-/optimist-0.3.7.tgz",
          "integrity": "sha1-yQlBrVnkJzMokjB00s8ufLxuwNk="
        },
        "source-map": {
          "version": "0.1.43",
          "resolved": "https://registry.npmjs.org/source-map/-/source-map-0.1.43.tgz",
          "integrity": "sha1-wkvBRspRfBRx9drL4lcbK3+eM0Y="
        },
        "uglify-js": {
          "version": "2.3.6",
          "resolved": "https://registry.npmjs.org/uglify-js/-/uglify-js-2.3.6.tgz",
          "integrity": "sha1-+gmEdwtCi3qbKoBY9GNV0U/vIRo="
        },
        "wordwrap": {
          "version": "0.0.3",
          "resolved": "https://registry.npmjs.org/wordwrap/-/wordwrap-0.0.3.tgz",
          "integrity": "sha1-o9XabNXAvAAI03I0u68b7WMFkQc="
        }
      }
    },
    "jsonresume-theme-github": {
      "version": "0.0.5",
      "resolved": "https://registry.npmjs.org/jsonresume-theme-github/-/jsonresume-theme-github-0.0.5.tgz",
      "integrity": "sha512-d8eK2CD+fOSPAMdF/NTssdRys9sPSbrLXajyYTx1z4ef3aaUjo6NlnbNZ4nA5P5t/vaKsIAqifJ1PkgK4qUfFQ==",
      "dependencies": {
        "handlebars": {
          "version": "4.7.6",
          "resolved": "https://registry.npmjs.org/handlebars/-/handlebars-4.7.6.tgz",
          "integrity": "sha512-1f2BACcBfiwAfStCKZNrUCgqNZkGsAT7UM3kkYtXuLo0KnaVfjKOyf7PRzB6++aK9STyT1Pd2ZCPe3EGOXleXA=="
        },
        "minimist": {
          "version": "1.2.5",
          "resolved": "https://registry.npmjs.org/minimist/-/minimist-1.2.5.tgz",
          "integrity": "sha512-FM9nNUYrRBAELZQT3xeZQ7fmMOBg6nWNmJKTcgsJeaLstP/UODVpGsr5OhXhhXg6f+qtJ8uiZ+PUxkDWcgIXLw=="
        },
        "wordwrap": {
          "version": "1.0.0",
          "resolved": "https://registry.npmjs.org/wordwrap/-/wordwrap-1.0.0.tgz",
          "integrity": "sha1-J1hIEIkUVqQXHI0CJkQa3pDLyus="
        }
      }
    },
    "jsonresume-theme-kards": {
      "version": "1.0.2",
      "resolved": "https://registry.npmjs.org/jsonresume-theme-kards/-/jsonresume-theme-kards-1.0.2.tgz",
      "integrity": "sha512-Du7c5SB2/P/d5K7jDfoB9Rf4tbr/JmKanb0QA22QYq0i3O3Ov+knolispM7FrRBGKJ3UFdUCI1MtqSI7leuFlA==",
      "dependencies": {
        "marked": {
          "version": "0.7.0",
          "resolved": "https://registry.npmjs.org/marked/-/marked-0.7.0.tgz",
          "integrity": "sha512-c+yYdCZJQrsRjTPhUx7VKkApw9bwDkNbHUKo1ovgcfDjb2kc8rLuRbIFyXL5WOEUwzSSKo3IXpph2K6DqB/KZg=="
        }
      }
    },
    "jsonresume-theme-keloran": {
      "version": "1.0.2",
      "resolved": "https://registry.npmjs.org/jsonresume-theme-keloran/-/jsonresume-theme-keloran-1.0.2.tgz",
      "integrity": "sha512-405fXYX5bQcR+UeTgDiChDzyCJhYBbOcisI+Q0te1gNft1j875gK0kdRhqcAxfQtGonSbRm6qjWDsDUNuU8tQA==",
      "dependencies": {
        "lodash": {
          "version": "2.4.2",
          "resolved": "https://registry.npmjs.org/lodash/-/lodash-2.4.2.tgz",
          "integrity": "sha1-+t2DS5aDBz2hebPq5tnA0VBT9z4="
        },
        "mustache": {
          "version": "2.3.2",
          "resolved": "https://registry.npmjs.org/mustache/-/mustache-2.3.2.tgz",
          "integrity": "sha512-KpMNwdQsYz3O/SBS1qJ/o3sqUJ5wSb8gb0pul8CO0S56b9Y2ALm8zCfsjPXsqGFfoNBkDwZuZIAjhsZI03gYVQ=="
        }
      }
    },
    "jsonresume-theme-kendall": {
      "version": "0.1.19",
      "resolved": "https://registry.npmjs.org/jsonresume-theme-kendall/-/jsonresume-theme-kendall-0.1.19.tgz",
      "integrity": "sha1-CIuwokGm12tzcqzV7r44xynRedc=",
      "dependencies": {
        "lodash": {
          "version": "2.4.2",
          "resolved": "https://registry.npmjs.org/lodash/-/lodash-2.4.2.tgz",
          "integrity": "sha1-+t2DS5aDBz2hebPq5tnA0VBT9z4="
        },
        "mustache": {
          "version": "2.3.2",
          "resolved": "https://registry.npmjs.org/mustache/-/mustache-2.3.2.tgz",
          "integrity": "sha512-KpMNwdQsYz3O/SBS1qJ/o3sqUJ5wSb8gb0pul8CO0S56b9Y2ALm8zCfsjPXsqGFfoNBkDwZuZIAjhsZI03gYVQ=="
        }
      }
    },
    "jsonresume-theme-kwan": {
      "version": "0.0.2",
      "resolved": "https://registry.npmjs.org/jsonresume-theme-kwan/-/jsonresume-theme-kwan-0.0.2.tgz",
      "integrity": "sha1-vo678IVe0CJP0D3F7kwafVtlLbI=",
      "dependencies": {
        "async": {
          "version": "0.2.10",
          "resolved": "https://registry.npmjs.org/async/-/async-0.2.10.tgz",
          "integrity": "sha1-trvgsGdLnXGXCMo43owjfLUmw9E="
        },
        "handlebars": {
          "version": "2.0.0",
          "resolved": "https://registry.npmjs.org/handlebars/-/handlebars-2.0.0.tgz",
          "integrity": "sha1-bp1/hRSjRn+l6fgswVjs/B1ax28=",
          "dependencies": {
            "optimist": {
              "version": "0.3.7",
              "resolved": "https://registry.npmjs.org/optimist/-/optimist-0.3.7.tgz",
              "integrity": "sha1-yQlBrVnkJzMokjB00s8ufLxuwNk="
            }
          }
        },
        "resume-schema": {
          "version": "0.0.15",
          "resolved": "https://registry.npmjs.org/resume-schema/-/resume-schema-0.0.15.tgz",
          "integrity": "sha1-AajJsplKLwsg4TjKGr+eXyS+Ros="
        },
        "source-map": {
          "version": "0.1.43",
          "resolved": "https://registry.npmjs.org/source-map/-/source-map-0.1.43.tgz",
          "integrity": "sha1-wkvBRspRfBRx9drL4lcbK3+eM0Y="
        },
        "uglify-js": {
          "version": "2.3.6",
          "resolved": "https://registry.npmjs.org/uglify-js/-/uglify-js-2.3.6.tgz",
          "integrity": "sha1-+gmEdwtCi3qbKoBY9GNV0U/vIRo=",
          "dependencies": {
            "optimist": {
              "version": "0.3.7",
              "resolved": "https://registry.npmjs.org/optimist/-/optimist-0.3.7.tgz",
              "integrity": "sha1-yQlBrVnkJzMokjB00s8ufLxuwNk="
            }
          }
        },
        "wordwrap": {
          "version": "0.0.3",
          "resolved": "https://registry.npmjs.org/wordwrap/-/wordwrap-0.0.3.tgz",
          "integrity": "sha1-o9XabNXAvAAI03I0u68b7WMFkQc="
        },
        "z-schema": {
          "version": "2.4.10",
          "resolved": "https://registry.npmjs.org/z-schema/-/z-schema-2.4.10.tgz",
          "integrity": "sha1-HvH0Qzp6dz7kzVSUvxrzCzGDZus="
        }
      }
    },
    "jsonresume-theme-kwan-linkedin": {
      "version": "0.0.2",
      "resolved": "https://registry.npmjs.org/jsonresume-theme-kwan-linkedin/-/jsonresume-theme-kwan-linkedin-0.0.2.tgz",
      "integrity": "sha512-HO/w3SM9Y83XQL2cLhQxbvtohH2iyfS7aDZhbVI3d22nmM8f2l5wH8YzHrQ2w4+AcZWzhEM7gC0U1bZezDI1ig==",
      "dependencies": {
        "handlebars": {
          "version": "2.0.0",
          "resolved": "https://registry.npmjs.org/handlebars/-/handlebars-2.0.0.tgz",
          "integrity": "sha1-bp1/hRSjRn+l6fgswVjs/B1ax28=",
          "dependencies": {
            "optimist": {
              "version": "0.3.7",
              "resolved": "https://registry.npmjs.org/optimist/-/optimist-0.3.7.tgz",
              "integrity": "sha1-yQlBrVnkJzMokjB00s8ufLxuwNk="
            }
          }
        },
        "resume-schema": {
          "version": "0.0.15",
          "resolved": "https://registry.npmjs.org/resume-schema/-/resume-schema-0.0.15.tgz",
          "integrity": "sha1-AajJsplKLwsg4TjKGr+eXyS+Ros="
        },
        "source-map": {
          "version": "0.1.43",
          "resolved": "https://registry.npmjs.org/source-map/-/source-map-0.1.43.tgz",
          "integrity": "sha1-wkvBRspRfBRx9drL4lcbK3+eM0Y="
        },
        "uglify-js": {
          "version": "2.3.6",
          "resolved": "https://registry.npmjs.org/uglify-js/-/uglify-js-2.3.6.tgz",
          "integrity": "sha1-+gmEdwtCi3qbKoBY9GNV0U/vIRo=",
          "dependencies": {
            "optimist": {
              "version": "0.3.7",
              "resolved": "https://registry.npmjs.org/optimist/-/optimist-0.3.7.tgz",
              "integrity": "sha1-yQlBrVnkJzMokjB00s8ufLxuwNk="
            }
          }
        },
        "z-schema": {
          "version": "2.4.10",
          "resolved": "https://registry.npmjs.org/z-schema/-/z-schema-2.4.10.tgz",
          "integrity": "sha1-HvH0Qzp6dz7kzVSUvxrzCzGDZus="
        }
      }
    },
    "jsonresume-theme-latex": {
      "version": "0.1.1",
      "resolved": "https://registry.npmjs.org/jsonresume-theme-latex/-/jsonresume-theme-latex-0.1.1.tgz",
      "integrity": "sha512-rwYY40ZI8ZOSkxCd0CCxpCrHcZsU37aIxb+Ol+xN+ulaKgoPtR4QhX18SZq+5cIAQ+f8Z5PRoDAf+t9YFKfV7Q=="
    },
    "jsonresume-theme-mantra": {
      "version": "0.2.0",
      "resolved": "https://registry.npmjs.org/jsonresume-theme-mantra/-/jsonresume-theme-mantra-0.2.0.tgz",
      "integrity": "sha512-8cXdYK3aO4bxW0kxNjJJCuIzNUyWqgEYfCD+TNajlyT5B+vNJxld5vT9E97cxid+f0cJ184Q+4FimAvde2bz7Q=="
    },
    "jsonresume-theme-mocha-responsive": {
      "version": "1.0.0",
      "resolved": "https://registry.npmjs.org/jsonresume-theme-mocha-responsive/-/jsonresume-theme-mocha-responsive-1.0.0.tgz",
      "integrity": "sha512-q2gy3quSNUE0VrnddTiC8lfirsW/wKeVRN4Mk9Lwb0ryBxHvdfCaXs85N7/jgTJDIZrk15cHvEifAGaeSTk6kg=="
    },
    "jsonresume-theme-modern": {
      "version": "0.0.18",
      "resolved": "https://registry.npmjs.org/jsonresume-theme-modern/-/jsonresume-theme-modern-0.0.18.tgz",
      "integrity": "sha1-1mP6d8uPMj/ZmJKKKgxfs6J0cXg=",
      "dependencies": {
        "lodash": {
          "version": "2.4.2",
          "resolved": "https://registry.npmjs.org/lodash/-/lodash-2.4.2.tgz",
          "integrity": "sha1-+t2DS5aDBz2hebPq5tnA0VBT9z4="
        }
      }
    },
    "jsonresume-theme-msresume": {
      "version": "0.1.0",
      "resolved": "https://registry.npmjs.org/jsonresume-theme-msresume/-/jsonresume-theme-msresume-0.1.0.tgz",
      "integrity": "sha512-VmFgVYRAl3JhqYel6XvxDty8TPck9w+ADyVL0JtibB9AFQob/R9WPd7gcyGtieAQC4rzsXwHP/iaw3kB+ADOJw=="
    },
    "jsonresume-theme-onepage": {
      "version": "0.0.3",
      "resolved": "https://registry.npmjs.org/jsonresume-theme-onepage/-/jsonresume-theme-onepage-0.0.3.tgz",
      "integrity": "sha1-5gAqPInbXzk8+bCycMAeJcW6QR0=",
      "dependencies": {
        "async": {
          "version": "0.2.10",
          "resolved": "https://registry.npmjs.org/async/-/async-0.2.10.tgz",
          "integrity": "sha1-trvgsGdLnXGXCMo43owjfLUmw9E="
        },
        "handlebars": {
          "version": "2.0.0",
          "resolved": "https://registry.npmjs.org/handlebars/-/handlebars-2.0.0.tgz",
          "integrity": "sha1-bp1/hRSjRn+l6fgswVjs/B1ax28="
        },
        "optimist": {
          "version": "0.3.7",
          "resolved": "https://registry.npmjs.org/optimist/-/optimist-0.3.7.tgz",
          "integrity": "sha1-yQlBrVnkJzMokjB00s8ufLxuwNk="
        },
        "source-map": {
          "version": "0.1.43",
          "resolved": "https://registry.npmjs.org/source-map/-/source-map-0.1.43.tgz",
          "integrity": "sha1-wkvBRspRfBRx9drL4lcbK3+eM0Y="
        },
        "uglify-js": {
          "version": "2.3.6",
          "resolved": "https://registry.npmjs.org/uglify-js/-/uglify-js-2.3.6.tgz",
          "integrity": "sha1-+gmEdwtCi3qbKoBY9GNV0U/vIRo="
        },
        "wordwrap": {
          "version": "0.0.3",
          "resolved": "https://registry.npmjs.org/wordwrap/-/wordwrap-0.0.3.tgz",
          "integrity": "sha1-o9XabNXAvAAI03I0u68b7WMFkQc="
        }
      }
    },
    "jsonresume-theme-onepageresume": {
      "version": "0.0.2",
      "resolved": "https://registry.npmjs.org/jsonresume-theme-onepageresume/-/jsonresume-theme-onepageresume-0.0.2.tgz",
      "integrity": "sha1-yZZ+aXSPoU2WVnqKgidmBYLbC7Y=",
      "dependencies": {
        "async": {
          "version": "0.2.10",
          "resolved": "https://registry.npmjs.org/async/-/async-0.2.10.tgz",
          "integrity": "sha1-trvgsGdLnXGXCMo43owjfLUmw9E="
        },
        "handlebars": {
          "version": "2.0.0",
          "resolved": "https://registry.npmjs.org/handlebars/-/handlebars-2.0.0.tgz",
          "integrity": "sha1-bp1/hRSjRn+l6fgswVjs/B1ax28="
        },
        "optimist": {
          "version": "0.3.7",
          "resolved": "https://registry.npmjs.org/optimist/-/optimist-0.3.7.tgz",
          "integrity": "sha1-yQlBrVnkJzMokjB00s8ufLxuwNk="
        },
        "source-map": {
          "version": "0.1.43",
          "resolved": "https://registry.npmjs.org/source-map/-/source-map-0.1.43.tgz",
          "integrity": "sha1-wkvBRspRfBRx9drL4lcbK3+eM0Y="
        },
        "uglify-js": {
          "version": "2.3.6",
          "resolved": "https://registry.npmjs.org/uglify-js/-/uglify-js-2.3.6.tgz",
          "integrity": "sha1-+gmEdwtCi3qbKoBY9GNV0U/vIRo="
        },
        "wordwrap": {
          "version": "0.0.3",
          "resolved": "https://registry.npmjs.org/wordwrap/-/wordwrap-0.0.3.tgz",
          "integrity": "sha1-o9XabNXAvAAI03I0u68b7WMFkQc="
        }
      }
    },
    "jsonresume-theme-orbit": {
      "version": "1.0.3",
      "resolved": "https://registry.npmjs.org/jsonresume-theme-orbit/-/jsonresume-theme-orbit-1.0.3.tgz",
      "integrity": "sha512-GxPDtbmkgZABDEpgsairInllB1gfJXJ/RTfbyiKSuIkZqTT7bhEJnbL13Qxqee4qfARE9sniD2NcX6d4yEhZBQ==",
      "dependencies": {
        "marked": {
          "version": "0.7.0",
          "resolved": "https://registry.npmjs.org/marked/-/marked-0.7.0.tgz",
          "integrity": "sha512-c+yYdCZJQrsRjTPhUx7VKkApw9bwDkNbHUKo1ovgcfDjb2kc8rLuRbIFyXL5WOEUwzSSKo3IXpph2K6DqB/KZg=="
        }
      }
    },
    "jsonresume-theme-paper": {
      "version": "0.3.5",
      "resolved": "https://registry.npmjs.org/jsonresume-theme-paper/-/jsonresume-theme-paper-0.3.5.tgz",
      "integrity": "sha1-BYNySfev72b4qszloaiRfQd6sBM=",
      "dependencies": {
        "async": {
          "version": "0.2.10",
          "resolved": "https://registry.npmjs.org/async/-/async-0.2.10.tgz",
          "integrity": "sha1-trvgsGdLnXGXCMo43owjfLUmw9E="
        },
        "handlebars": {
          "version": "2.0.0",
          "resolved": "https://registry.npmjs.org/handlebars/-/handlebars-2.0.0.tgz",
          "integrity": "sha1-bp1/hRSjRn+l6fgswVjs/B1ax28="
        },
        "optimist": {
          "version": "0.3.7",
          "resolved": "https://registry.npmjs.org/optimist/-/optimist-0.3.7.tgz",
          "integrity": "sha1-yQlBrVnkJzMokjB00s8ufLxuwNk="
        },
        "source-map": {
          "version": "0.1.43",
          "resolved": "https://registry.npmjs.org/source-map/-/source-map-0.1.43.tgz",
          "integrity": "sha1-wkvBRspRfBRx9drL4lcbK3+eM0Y="
        },
        "uglify-js": {
          "version": "2.3.6",
          "resolved": "https://registry.npmjs.org/uglify-js/-/uglify-js-2.3.6.tgz",
          "integrity": "sha1-+gmEdwtCi3qbKoBY9GNV0U/vIRo="
        },
        "wordwrap": {
          "version": "0.0.3",
          "resolved": "https://registry.npmjs.org/wordwrap/-/wordwrap-0.0.3.tgz",
          "integrity": "sha1-o9XabNXAvAAI03I0u68b7WMFkQc="
        }
      }
    },
    "jsonresume-theme-paper-plus-plus": {
      "version": "0.5.0",
      "resolved": "https://registry.npmjs.org/jsonresume-theme-paper-plus-plus/-/jsonresume-theme-paper-plus-plus-0.5.0.tgz",
      "integrity": "sha512-crJVOqJvDbNOWWERmxRT8i3ixHe8qHfV5p6lehAgA/j8E3QDUsBxZvEC+RS2spuZDOlhMpvnUcKJXIbja5cvNw=="
    },
    "jsonresume-theme-papirus": {
      "version": "0.0.5",
      "resolved": "https://registry.npmjs.org/jsonresume-theme-papirus/-/jsonresume-theme-papirus-0.0.5.tgz",
      "integrity": "sha512-1Z1jKQSW82RhA8goCHLZrWxnC4D9wj7rqp5rfseRfLrDR/7BjqdCeZDD8aETOGcXpoCg15SefTSIIU0bWFyaFQ==",
      "dependencies": {
        "async": {
          "version": "0.2.10",
          "resolved": "https://registry.npmjs.org/async/-/async-0.2.10.tgz",
          "integrity": "sha1-trvgsGdLnXGXCMo43owjfLUmw9E="
        },
        "handlebars": {
          "version": "2.0.0",
          "resolved": "https://registry.npmjs.org/handlebars/-/handlebars-2.0.0.tgz",
          "integrity": "sha1-bp1/hRSjRn+l6fgswVjs/B1ax28="
        },
        "optimist": {
          "version": "0.3.7",
          "resolved": "https://registry.npmjs.org/optimist/-/optimist-0.3.7.tgz",
          "integrity": "sha1-yQlBrVnkJzMokjB00s8ufLxuwNk="
        },
        "pluralize": {
          "version": "7.0.0",
          "resolved": "https://registry.npmjs.org/pluralize/-/pluralize-7.0.0.tgz",
          "integrity": "sha512-ARhBOdzS3e41FbkW/XWrTEtukqqLoK5+Z/4UeDaLuSW+39JPeFgs4gCGqsrJHVZX0fUrx//4OF0K1CUGwlIFow=="
        },
        "source-map": {
          "version": "0.1.43",
          "resolved": "https://registry.npmjs.org/source-map/-/source-map-0.1.43.tgz",
          "integrity": "sha1-wkvBRspRfBRx9drL4lcbK3+eM0Y="
        },
        "uglify-js": {
          "version": "2.3.6",
          "resolved": "https://registry.npmjs.org/uglify-js/-/uglify-js-2.3.6.tgz",
          "integrity": "sha1-+gmEdwtCi3qbKoBY9GNV0U/vIRo="
        },
        "wordwrap": {
          "version": "0.0.3",
          "resolved": "https://registry.npmjs.org/wordwrap/-/wordwrap-0.0.3.tgz",
          "integrity": "sha1-o9XabNXAvAAI03I0u68b7WMFkQc="
        }
      }
    },
    "jsonresume-theme-pumpkin": {
      "version": "1.0.1",
      "resolved": "https://registry.npmjs.org/jsonresume-theme-pumpkin/-/jsonresume-theme-pumpkin-1.0.1.tgz",
      "integrity": "sha512-0BcuXN0n/h1r7JkADbThSZ8L28DTlQ0x6TWoEffi0/J4lkrtu8EqdOKjebrwkCTn0r+l8ePwx9vbvg3b6zy9yw==",
      "dependencies": {
        "dateformat": {
          "version": "3.0.3",
          "resolved": "https://registry.npmjs.org/dateformat/-/dateformat-3.0.3.tgz",
          "integrity": "sha512-jyCETtSl3VMZMWeRo7iY1FL19ges1t55hMo5yaam4Jrsm5EPL89UQkoQRyiI+Yf4k8r2ZpdngkV8hr1lIdjb3Q=="
        }
      }
    },
    "jsonresume-theme-rocketspacer": {
      "version": "1.2.2",
      "resolved": "https://registry.npmjs.org/jsonresume-theme-rocketspacer/-/jsonresume-theme-rocketspacer-1.2.2.tgz",
      "integrity": "sha512-TxCklxRNjo+AfsemGys2NPO43OMwluXKz1q43bGChk7WRD6lA0BCrUKuklepSO7YIyjPuJnutF9ALw6Fg/qDKQ=="
    },
    "jsonresume-theme-short": {
      "version": "0.1.7",
      "resolved": "https://registry.npmjs.org/jsonresume-theme-short/-/jsonresume-theme-short-0.1.7.tgz",
      "integrity": "sha1-+7kU2LBxV6jfSvk+V1YK8MX1B6M=",
      "dependencies": {
        "async": {
          "version": "0.2.10",
          "resolved": "https://registry.npmjs.org/async/-/async-0.2.10.tgz",
          "integrity": "sha1-trvgsGdLnXGXCMo43owjfLUmw9E="
        },
        "handlebars": {
          "version": "2.0.0",
          "resolved": "https://registry.npmjs.org/handlebars/-/handlebars-2.0.0.tgz",
          "integrity": "sha1-bp1/hRSjRn+l6fgswVjs/B1ax28="
        },
        "optimist": {
          "version": "0.3.7",
          "resolved": "https://registry.npmjs.org/optimist/-/optimist-0.3.7.tgz",
          "integrity": "sha1-yQlBrVnkJzMokjB00s8ufLxuwNk="
        },
        "source-map": {
          "version": "0.1.43",
          "resolved": "https://registry.npmjs.org/source-map/-/source-map-0.1.43.tgz",
          "integrity": "sha1-wkvBRspRfBRx9drL4lcbK3+eM0Y="
        },
        "uglify-js": {
          "version": "2.3.6",
          "resolved": "https://registry.npmjs.org/uglify-js/-/uglify-js-2.3.6.tgz",
          "integrity": "sha1-+gmEdwtCi3qbKoBY9GNV0U/vIRo="
        },
        "wordwrap": {
          "version": "0.0.3",
          "resolved": "https://registry.npmjs.org/wordwrap/-/wordwrap-0.0.3.tgz",
          "integrity": "sha1-o9XabNXAvAAI03I0u68b7WMFkQc="
        }
      }
    },
    "jsonresume-theme-simple-red": {
      "version": "1.0.4",
      "resolved": "https://registry.npmjs.org/jsonresume-theme-simple-red/-/jsonresume-theme-simple-red-1.0.4.tgz",
      "integrity": "sha512-fd09BiRACMa+MKyBsxYy0vDdGQfF6wMHlk8m06LFSPAtDrPrXTHPXRyjSUwMcJHNT3Pa5OI7RfMKu3jXgfKX5g=="
    },
    "jsonresume-theme-slick": {
      "version": "0.1.16",
      "resolved": "https://registry.npmjs.org/jsonresume-theme-slick/-/jsonresume-theme-slick-0.1.16.tgz",
      "integrity": "sha1-jX1vBAtoBeMD108lMy+FPqDN0K8=",
      "dependencies": {
        "async": {
          "version": "0.2.10",
          "resolved": "https://registry.npmjs.org/async/-/async-0.2.10.tgz",
          "integrity": "sha1-trvgsGdLnXGXCMo43owjfLUmw9E="
        },
        "handlebars": {
          "version": "2.0.0",
          "resolved": "https://registry.npmjs.org/handlebars/-/handlebars-2.0.0.tgz",
          "integrity": "sha1-bp1/hRSjRn+l6fgswVjs/B1ax28="
        },
        "optimist": {
          "version": "0.3.7",
          "resolved": "https://registry.npmjs.org/optimist/-/optimist-0.3.7.tgz",
          "integrity": "sha1-yQlBrVnkJzMokjB00s8ufLxuwNk="
        },
        "source-map": {
          "version": "0.1.43",
          "resolved": "https://registry.npmjs.org/source-map/-/source-map-0.1.43.tgz",
          "integrity": "sha1-wkvBRspRfBRx9drL4lcbK3+eM0Y="
        },
        "uglify-js": {
          "version": "2.3.6",
          "resolved": "https://registry.npmjs.org/uglify-js/-/uglify-js-2.3.6.tgz",
          "integrity": "sha1-+gmEdwtCi3qbKoBY9GNV0U/vIRo="
        },
        "wordwrap": {
          "version": "0.0.3",
          "resolved": "https://registry.npmjs.org/wordwrap/-/wordwrap-0.0.3.tgz",
          "integrity": "sha1-o9XabNXAvAAI03I0u68b7WMFkQc="
        }
      }
    },
    "jsonresume-theme-spartan": {
      "version": "0.3.0",
      "resolved": "https://registry.npmjs.org/jsonresume-theme-spartan/-/jsonresume-theme-spartan-0.3.0.tgz",
      "integrity": "sha512-CQDFnTOsmoaa0OTtDwLAYZnXmfqeDky/kn3oWwqmsMkSoO0O41scUlaX0Y0bxZg9VghSrojrdMN7k9MMeAkbfw==",
      "dependencies": {
        "handlebars": {
          "version": "4.7.6",
          "resolved": "https://registry.npmjs.org/handlebars/-/handlebars-4.7.6.tgz",
          "integrity": "sha512-1f2BACcBfiwAfStCKZNrUCgqNZkGsAT7UM3kkYtXuLo0KnaVfjKOyf7PRzB6++aK9STyT1Pd2ZCPe3EGOXleXA=="
        },
        "minimist": {
          "version": "1.2.5",
          "resolved": "https://registry.npmjs.org/minimist/-/minimist-1.2.5.tgz",
          "integrity": "sha512-FM9nNUYrRBAELZQT3xeZQ7fmMOBg6nWNmJKTcgsJeaLstP/UODVpGsr5OhXhhXg6f+qtJ8uiZ+PUxkDWcgIXLw=="
        },
        "wordwrap": {
          "version": "1.0.0",
          "resolved": "https://registry.npmjs.org/wordwrap/-/wordwrap-1.0.0.tgz",
          "integrity": "sha1-J1hIEIkUVqQXHI0CJkQa3pDLyus="
        }
      }
    },
    "jsonresume-theme-srt": {
      "version": "0.1.3",
      "resolved": "https://registry.npmjs.org/jsonresume-theme-srt/-/jsonresume-theme-srt-0.1.3.tgz",
      "integrity": "sha1-7z/XCvJZmV14gpgvphr8g3dFRx4=",
      "dependencies": {
        "async": {
          "version": "0.2.10",
          "resolved": "https://registry.npmjs.org/async/-/async-0.2.10.tgz",
          "integrity": "sha1-trvgsGdLnXGXCMo43owjfLUmw9E="
        },
        "handlebars": {
          "version": "2.0.0",
          "resolved": "https://registry.npmjs.org/handlebars/-/handlebars-2.0.0.tgz",
          "integrity": "sha1-bp1/hRSjRn+l6fgswVjs/B1ax28="
        },
        "optimist": {
          "version": "0.3.7",
          "resolved": "https://registry.npmjs.org/optimist/-/optimist-0.3.7.tgz",
          "integrity": "sha1-yQlBrVnkJzMokjB00s8ufLxuwNk="
        },
        "source-map": {
          "version": "0.1.43",
          "resolved": "https://registry.npmjs.org/source-map/-/source-map-0.1.43.tgz",
          "integrity": "sha1-wkvBRspRfBRx9drL4lcbK3+eM0Y="
        },
        "uglify-js": {
          "version": "2.3.6",
          "resolved": "https://registry.npmjs.org/uglify-js/-/uglify-js-2.3.6.tgz",
          "integrity": "sha1-+gmEdwtCi3qbKoBY9GNV0U/vIRo="
        },
        "wordwrap": {
          "version": "0.0.3",
          "resolved": "https://registry.npmjs.org/wordwrap/-/wordwrap-0.0.3.tgz",
          "integrity": "sha1-o9XabNXAvAAI03I0u68b7WMFkQc="
        }
      }
    },
    "jsonresume-theme-stackoverflow": {
      "version": "1.4.0",
      "resolved": "https://registry.npmjs.org/jsonresume-theme-stackoverflow/-/jsonresume-theme-stackoverflow-1.4.0.tgz",
      "integrity": "sha1-npyVaX8RsEam7HaHB5i3Yb5QdNA="
    },
    "jsonresume-theme-tan-responsive": {
      "version": "0.0.4",
      "resolved": "https://registry.npmjs.org/jsonresume-theme-tan-responsive/-/jsonresume-theme-tan-responsive-0.0.4.tgz",
      "integrity": "sha512-skhqPPJ2/+lXPtMTLz2E3om3WkPps18qO9ysFbisWMWBYilPw/RzE+NS1bxwHM6pxBW/xJ1au4+jDOevtJSVNw==",
      "dependencies": {
        "jsonresume-theme-tan-responsive": {
          "version": "0.0.1",
          "resolved": "https://registry.npmjs.org/jsonresume-theme-tan-responsive/-/jsonresume-theme-tan-responsive-0.0.1.tgz",
          "integrity": "sha512-D/Lp14j1ggVufoaDlpFF8PcBc71+ZiqGRpGtcTtyG0ePDHoMBRzPtQ1CZUO+84JtXbSw/OjYchwPUbP3CBckZQ=="
        },
        "mustache": {
          "version": "2.3.2",
          "resolved": "https://registry.npmjs.org/mustache/-/mustache-2.3.2.tgz",
          "integrity": "sha512-KpMNwdQsYz3O/SBS1qJ/o3sqUJ5wSb8gb0pul8CO0S56b9Y2ALm8zCfsjPXsqGFfoNBkDwZuZIAjhsZI03gYVQ=="
        }
      }
    },
    "jsonresume-theme-techlead": {
      "version": "1.0.1",
      "resolved": "https://registry.npmjs.org/jsonresume-theme-techlead/-/jsonresume-theme-techlead-1.0.1.tgz",
      "integrity": "sha512-2pY4kM3lRqlyx2tL1HkzvEm8M4bDbVS5rU6UpEmTIPaR6PcAN4B5yTcQUETqAX3EX2gUBi3VvLN94GzerJd+FQ==",
      "dependencies": {
        "handlebars": {
          "version": "4.7.6",
          "resolved": "https://registry.npmjs.org/handlebars/-/handlebars-4.7.6.tgz",
          "integrity": "sha512-1f2BACcBfiwAfStCKZNrUCgqNZkGsAT7UM3kkYtXuLo0KnaVfjKOyf7PRzB6++aK9STyT1Pd2ZCPe3EGOXleXA=="
        },
        "minimist": {
          "version": "1.2.5",
          "resolved": "https://registry.npmjs.org/minimist/-/minimist-1.2.5.tgz",
          "integrity": "sha512-FM9nNUYrRBAELZQT3xeZQ7fmMOBg6nWNmJKTcgsJeaLstP/UODVpGsr5OhXhhXg6f+qtJ8uiZ+PUxkDWcgIXLw=="
        },
        "wordwrap": {
          "version": "1.0.0",
          "resolved": "https://registry.npmjs.org/wordwrap/-/wordwrap-1.0.0.tgz",
          "integrity": "sha1-J1hIEIkUVqQXHI0CJkQa3pDLyus="
        }
      }
    },
    "jsonresume-theme-verbum": {
      "version": "0.0.5",
      "resolved": "https://registry.npmjs.org/jsonresume-theme-verbum/-/jsonresume-theme-verbum-0.0.5.tgz",
      "integrity": "sha512-NgvLoylFQKjRpwa9adJypsNzzbt3ufzBB033KkEZSiyfphZLcvt5hJBIW2rnUa3P4huEpcIhzi88tfO8kV250g==",
      "dependencies": {
        "async": {
          "version": "0.2.10",
          "resolved": "https://registry.npmjs.org/async/-/async-0.2.10.tgz",
          "integrity": "sha1-trvgsGdLnXGXCMo43owjfLUmw9E="
        },
        "handlebars": {
          "version": "2.0.0",
          "resolved": "https://registry.npmjs.org/handlebars/-/handlebars-2.0.0.tgz",
          "integrity": "sha1-bp1/hRSjRn+l6fgswVjs/B1ax28="
        },
        "optimist": {
          "version": "0.3.7",
          "resolved": "https://registry.npmjs.org/optimist/-/optimist-0.3.7.tgz",
          "integrity": "sha1-yQlBrVnkJzMokjB00s8ufLxuwNk="
        },
        "pluralize": {
          "version": "7.0.0",
          "resolved": "https://registry.npmjs.org/pluralize/-/pluralize-7.0.0.tgz",
          "integrity": "sha512-ARhBOdzS3e41FbkW/XWrTEtukqqLoK5+Z/4UeDaLuSW+39JPeFgs4gCGqsrJHVZX0fUrx//4OF0K1CUGwlIFow=="
        },
        "source-map": {
          "version": "0.1.43",
          "resolved": "https://registry.npmjs.org/source-map/-/source-map-0.1.43.tgz",
          "integrity": "sha1-wkvBRspRfBRx9drL4lcbK3+eM0Y="
        },
        "uglify-js": {
          "version": "2.3.6",
          "resolved": "https://registry.npmjs.org/uglify-js/-/uglify-js-2.3.6.tgz",
          "integrity": "sha1-+gmEdwtCi3qbKoBY9GNV0U/vIRo="
        },
        "wordwrap": {
          "version": "0.0.3",
          "resolved": "https://registry.npmjs.org/wordwrap/-/wordwrap-0.0.3.tgz",
          "integrity": "sha1-o9XabNXAvAAI03I0u68b7WMFkQc="
        }
      }
    },
    "jsonresume-theme-wraypro": {
      "version": "0.0.5",
      "resolved": "https://registry.npmjs.org/jsonresume-theme-wraypro/-/jsonresume-theme-wraypro-0.0.5.tgz",
      "integrity": "sha512-PQeWGO3kIQst+u1pK7JlH5VEec5+sO7FR7gkyvEzOJxMH7e4FJpX8jiDp2LBgZmosDLEAxWeM1wIJGiVnoN1oQ==",
      "dependencies": {
        "handlebars": {
          "version": "2.0.0",
          "resolved": "https://registry.npmjs.org/handlebars/-/handlebars-2.0.0.tgz",
          "integrity": "sha1-bp1/hRSjRn+l6fgswVjs/B1ax28="
        },
        "optimist": {
          "version": "0.3.7",
          "resolved": "https://registry.npmjs.org/optimist/-/optimist-0.3.7.tgz",
          "integrity": "sha1-yQlBrVnkJzMokjB00s8ufLxuwNk="
        },
        "source-map": {
          "version": "0.1.43",
          "resolved": "https://registry.npmjs.org/source-map/-/source-map-0.1.43.tgz",
          "integrity": "sha1-wkvBRspRfBRx9drL4lcbK3+eM0Y="
        },
        "uglify-js": {
          "version": "2.3.6",
          "resolved": "https://registry.npmjs.org/uglify-js/-/uglify-js-2.3.6.tgz",
          "integrity": "sha1-+gmEdwtCi3qbKoBY9GNV0U/vIRo="
        },
        "wordwrap": {
          "version": "0.0.3",
          "resolved": "https://registry.npmjs.org/wordwrap/-/wordwrap-0.0.3.tgz",
          "integrity": "sha1-o9XabNXAvAAI03I0u68b7WMFkQc="
        }
      }
    },
    "lodash": {
      "version": "4.17.19",
      "resolved": "https://registry.npmjs.org/lodash/-/lodash-4.17.19.tgz",
      "integrity": "sha512-JNvd8XER9GQX0v2qJgsaN/mzFCNA5BRe/j8JN9d+tWyGLSodKQHKFicdwNYzWwI3wjRnaKPsGj1XkBjx/F96DQ=="
    },
    "resume-schema": {
      "version": "0.1.3",
      "resolved": "https://registry.npmjs.org/resume-schema/-/resume-schema-0.1.3.tgz",
      "integrity": "sha512-fsqXx62BlWLOKfbjDNhSotXGvgyb+tkddWKECIFLHz239iKDAIv2lB/NVurngT5wqfyeQfFL8vIflU7T6MtcGw==",
      "dependencies": {
        "validator": {
          "version": "12.2.0",
          "resolved": "https://registry.npmjs.org/validator/-/validator-12.2.0.tgz",
          "integrity": "sha512-jJfE/DW6tIK1Ek8nCfNFqt8Wb3nzMoAbocBF6/Icgg1ZFSBpObdnwVY2jQj6qUqzhx5jc71fpvBWyLGO7Xl+nQ=="
        },
        "z-schema": {
          "version": "4.2.3",
          "resolved": "https://registry.npmjs.org/z-schema/-/z-schema-4.2.3.tgz",
          "integrity": "sha512-zkvK/9TC6p38IwcrbnT3ul9in1UX4cm1y/VZSs4GHKIiDCrlafc+YQBgQBUdDXLAoZHf2qvQ7gJJOo6yT1LH6A=="
        }
      }
    },
    "superagent": {
      "version": "5.2.2",
      "resolved": "https://registry.npmjs.org/superagent/-/superagent-5.2.2.tgz",
      "integrity": "sha512-pMWBUnIllK4ZTw7p/UaobiQPwAO5w/1NRRTDpV0FTVNmECztsxKspj3ZWEordVEaqpZtmOQJJna4yTLyC/q7PQ==",
      "dependencies": {
        "debug": {
          "version": "4.1.1",
          "resolved": "https://registry.npmjs.org/debug/-/debug-4.1.1.tgz",
          "integrity": "sha512-pYAIzeRo8J6KPEaJ0VWOh5Pzkbw/RetuzehGM7QRRX5he4fPHx2rdKMB256ehJCkX+XRQm16eZLqLNS8RSZXZw=="
        },
        "ms": {
          "version": "2.1.2",
          "resolved": "https://registry.npmjs.org/ms/-/ms-2.1.2.tgz",
          "integrity": "sha512-sGkPx+VjMtmA6MX27oA4FBFELFCZZ4S4XqeGOXCv68tT+jb3vk/RyaKWP0PTKyWtmLSM0b+adUTEvbs1PEaH2w=="
        },
        "qs": {
          "version": "6.9.4",
          "resolved": "https://registry.npmjs.org/qs/-/qs-6.9.4.tgz",
          "integrity": "sha512-A1kFqHekCTM7cz0udomYUoYNWjBebHm/5wzU/XqrBRBNWectVH0QIiN+NEcZ0Dte5hvzHwbr8+XQmguPhJ6WdQ=="
        }
      }
    }
  }
}
